// !$*UTF8*$!
{
	archiveVersion = 1;
	classes = {
	};
	objectVersion = 46;
	objects = {

/* Begin PBXGroup section */
		A7404B601B6F7E9400C4CE2E = {
			isa = PBXGroup;
			children = (
			);
			sourceTree = "<group>";
		};
/* End PBXGroup section */

/* Begin PBXProject section */
		A7404B611B6F7E9400C4CE2E /* Project object */ = {
			isa = PBXProject;
			attributes = {
				LastUpgradeCheck = 0640;
			};
			buildConfigurationList = A7404B641B6F7E9400C4CE2E /* Build configuration list for PBXProject "MapScaleBar" */;
			compatibilityVersion = "Xcode 3.2";
			developmentRegion = English;
			hasScannedForEncodings = 0;
			knownRegions = (
				en,
			);
			mainGroup = A7404B601B6F7E9400C4CE2E;
			projectDirPath = "";
			projectRoot = "";
			targets = (
			);
		};
/* End PBXProject section */

/* Begin XCBuildConfiguration section */
		A7404B651B6F7E9400C4CE2E /* Debug */ = {
			isa = XCBuildConfiguration;
			buildSettings = {
			};
			name = Debug;
		};
		A7404B661B6F7E9400C4CE2E /* Release */ = {
			isa = XCBuildConfiguration;
			buildSettings = {
			};
			name = Release;
		};
/* End XCBuildConfiguration section */

/* Begin XCConfigurationList section */
		A7404B641B6F7E9400C4CE2E /* Build configuration list for PBXProject "MapScaleBar" */ = {
			isa = XCConfigurationList;
			buildConfigurations = (
				A7404B651B6F7E9400C4CE2E /* Debug */,
				A7404B661B6F7E9400C4CE2E /* Release */,
			);
			defaultConfigurationIsVisible = 0;
			defaultConfigurationName = Release;
		};
/* End XCConfigurationList section */
	};
	rootObject = A7404B611B6F7E9400C4CE2E /* Project object */;
}
